
Microsoft Visual Studio Solution File, Format Version 12.00
Project("{FAE04EC0-301F-11D3-BF4B-00C04F79EFBC}") = "MonoGame3DTest", "MonoGame3DTest\MonoGame3DTest.csproj", "{058C21A2-147F-46A3-B151-384F16B85570}"
EndProject
Global
	GlobalSection(SolutionConfigurationPlatforms) = preSolution
		Debug|Any CPU = Debug|Any CPU
		Release|Any CPU = Release|Any CPU
	EndGlobalSection
	GlobalSection(ProjectConfigurationPlatforms) = postSolution
		{058C21A2-147F-46A3-B151-384F16B85570}.Debug|Any CPU.ActiveCfg = Debug|Any CPU
		{058C21A2-147F-46A3-B151-384F16B85570}.Debug|Any CPU.Build.0 = Debug|Any CPU
		{058C21A2-147F-46A3-B151-384F16B85570}.Release|Any CPU.ActiveCfg = Release|Any CPU
		{058C21A2-147F-46A3-B151-384F16B85570}.Release|Any CPU.Build.0 = Release|Any CPU
	EndGlobalSection
EndGlobal
